// !$*UTF8*$!
{
	archiveVersion = 1;
	classes = {
	};
	objectVersion = 77;
	objects = {

/* Begin PBXBuildFile section */
		A10000000000000000000001 /* iPhoto2YouTubeNativeApp.swift in Sources */ = {isa = PBXBuildFile; fileRef = A10000000000000000000011 /* iPhoto2YouTubeNativeApp.swift */; };
		A10000000000000000000002 /* Models.swift in Sources */ = {isa = PBXBuildFile; fileRef = A10000000000000000000012 /* Models.swift */; };
		A10000000000000000000003 /* CLIService.swift in Sources */ = {isa = PBXBuildFile; fileRef = A10000000000000000000013 /* CLIService.swift */; };
		A10000000000000000000004 /* AppViewModel.swift in Sources */ = {isa = PBXBuildFile; fileRef = A10000000000000000000014 /* AppViewModel.swift */; };
		A10000000000000000000005 /* ContentView.swift in Sources */ = {isa = PBXBuildFile; fileRef = A10000000000000000000015 /* ContentView.swift */; };
		A10000000000000000000006 /* PhotoLibraryService.swift in Sources */ = {isa = PBXBuildFile; fileRef = A10000000000000000000016 /* PhotoLibraryService.swift */; };
		A10000000000000000000007 /* Assets.xcassets in Resources */ = {isa = PBXBuildFile; fileRef = A10000000000000000000017 /* Assets.xcassets */; };
/* End PBXBuildFile section */

/* Begin PBXFileReference section */
		A1000000000000000000000A /* Local Video Uploader.app */ = {isa = PBXFileReference; explicitFileType = wrapper.application; includeInIndex = 0; path = "Local Video Uploader.app"; sourceTree = BUILT_PRODUCTS_DIR; };
		A10000000000000000000011 /* iPhoto2YouTubeNativeApp.swift */ = {isa = PBXFileReference; lastKnownFileType = sourcecode.swift; path = iPhoto2YouTubeNativeApp.swift; sourceTree = "<group>"; };
		A10000000000000000000012 /* Models.swift */ = {isa = PBXFileReference; lastKnownFileType = sourcecode.swift; path = Models.swift; sourceTree = "<group>"; };
		A10000000000000000000013 /* CLIService.swift */ = {isa = PBXFileReference; lastKnownFileType = sourcecode.swift; path = CLIService.swift; sourceTree = "<group>"; };
		A10000000000000000000014 /* AppViewModel.swift */ = {isa = PBXFileReference; lastKnownFileType = sourcecode.swift; path = AppViewModel.swift; sourceTree = "<group>"; };
		A10000000000000000000015 /* ContentView.swift */ = {isa = PBXFileReference; lastKnownFileType = sourcecode.swift; path = ContentView.swift; sourceTree = "<group>"; };
		A10000000000000000000016 /* PhotoLibraryService.swift */ = {isa = PBXFileReference; lastKnownFileType = sourcecode.swift; path = PhotoLibraryService.swift; sourceTree = "<group>"; };
		A10000000000000000000017 /* Assets.xcassets */ = {isa = PBXFileReference; lastKnownFileType = folder.assetcatalog; path = Assets.xcassets; sourceTree = "<group>"; };
/* End PBXFileReference section */

/* Begin PBXFrameworksBuildPhase section */
		A10000000000000000000020 /* Frameworks */ = {
			isa = PBXFrameworksBuildPhase;
			buildActionMask = 2147483647;
			files = (
			);
			runOnlyForDeploymentPostprocessing = 0;
		};
/* End PBXFrameworksBuildPhase section */

/* Begin PBXGroup section */
		A10000000000000000000030 = {
			isa = PBXGroup;
			children = (
				A10000000000000000000031 /* Sources/iPhoto2YouTubeNativeApp */,
				A10000000000000000000032 /* Products */,
			);
			sourceTree = "<group>";
		};
		A10000000000000000000031 /* Sources/iPhoto2YouTubeNativeApp */ = {
			isa = PBXGroup;
			children = (
				A10000000000000000000011 /* iPhoto2YouTubeNativeApp.swift */,
				A10000000000000000000012 /* Models.swift */,
				A10000000000000000000013 /* CLIService.swift */,
				A10000000000000000000014 /* AppViewModel.swift */,
				A10000000000000000000015 /* ContentView.swift */,
				A10000000000000000000016 /* PhotoLibraryService.swift */,
				A10000000000000000000017 /* Assets.xcassets */,
			);
			path = Sources/iPhoto2YouTubeNativeApp;
			sourceTree = SOURCE_ROOT;
		};
		A10000000000000000000032 /* Products */ = {
			isa = PBXGroup;
			children = (
				A1000000000000000000000A /* Local Video Uploader.app */,
			);
			name = Products;
			sourceTree = "<group>";
		};
/* End PBXGroup section */

/* Begin PBXNativeTarget section */
		A10000000000000000000040 /* iPhoto2YouTubeNativeApp */ = {
			isa = PBXNativeTarget;
			buildConfigurationList = A10000000000000000000050 /* Build configuration list for PBXNativeTarget "iPhoto2YouTubeNativeApp" */;
			buildPhases = (
				A10000000000000000000021 /* Sources */,
				A10000000000000000000020 /* Frameworks */,
				A10000000000000000000022 /* Resources */,
			);
			buildRules = (
			);
			dependencies = (
			);
			name = iPhoto2YouTubeNativeApp;
			productName = iPhoto2YouTubeNativeApp;
			productReference = A1000000000000000000000A /* Local Video Uploader.app */;
			productType = "com.apple.product-type.application";
		};
/* End PBXNativeTarget section */

/* Begin PBXProject section */
		A10000000000000000000060 /* Project object */ = {
			isa = PBXProject;
			attributes = {
				BuildIndependentTargetsInParallel = 1;
				LastSwiftUpdateCheck = 2600;
				LastUpgradeCheck = 2640;
				TargetAttributes = {
					A10000000000000000000040 = {
						CreatedOnToolsVersion = 26.4;
					};
				};
			};
			buildConfigurationList = A10000000000000000000061 /* Build configuration list for PBXProject "iPhoto2YouTubeNativeApp" */;
			developmentRegion = en;
			hasScannedForEncodings = 0;
			knownRegions = (
				en,
				Base,
			);
			mainGroup = A10000000000000000000030;
			minimizedProjectReferenceProxies = 1;
			preferredProjectObjectVersion = 77;
			productRefGroup = A10000000000000000000032 /* Products */;
			projectDirPath = "";
			projectRoot = "";
			targets = (
				A10000000000000000000040 /* iPhoto2YouTubeNativeApp */,
			);
		};
/* End PBXProject section */

/* Begin PBXResourcesBuildPhase section */
		A10000000000000000000022 /* Resources */ = {
			isa = PBXResourcesBuildPhase;
			buildActionMask = 2147483647;
			files = (
				A10000000000000000000007 /* Assets.xcassets in Resources */,
			);
			runOnlyForDeploymentPostprocessing = 0;
		};
/* End PBXResourcesBuildPhase section */

/* Begin PBXSourcesBuildPhase section */
		A10000000000000000000021 /* Sources */ = {
			isa = PBXSourcesBuildPhase;
			buildActionMask = 2147483647;
			files = (
				A10000000000000000000001 /* iPhoto2YouTubeNativeApp.swift in Sources */,
				A10000000000000000000002 /* Models.swift in Sources */,
				A10000000000000000000003 /* CLIService.swift in Sources */,
				A10000000000000000000004 /* AppViewModel.swift in Sources */,
				A10000000000000000000005 /* ContentView.swift in Sources */,
				A10000000000000000000006 /* PhotoLibraryService.swift in Sources */,
			);
			runOnlyForDeploymentPostprocessing = 0;
		};
/* End PBXSourcesBuildPhase section */

/* Begin XCBuildConfiguration section */
		A10000000000000000000070 /* Debug */ = {
			isa = XCBuildConfiguration;
			buildSettings = {
				ALWAYS_SEARCH_USER_PATHS = NO;
				CLANG_ENABLE_MODULES = YES;
				CLANG_ENABLE_OBJC_ARC = YES;
				CLANG_WARN_BLOCK_CAPTURE_AUTORELEASING = YES;
				CLANG_WARN_BOOL_CONVERSION = YES;
				CLANG_WARN_COMMA = YES;
				CLANG_WARN_CONSTANT_CONVERSION = YES;
				CLANG_WARN_DEPRECATED_OBJC_IMPLEMENTATIONS = YES;
				CLANG_WARN_EMPTY_BODY = YES;
				CLANG_WARN_ENUM_CONVERSION = YES;
				CLANG_WARN_INFINITE_RECURSION = YES;
				CLANG_WARN_INT_CONVERSION = YES;
				CLANG_WARN_NON_LITERAL_NULL_CONVERSION = YES;
				CLANG_WARN_OBJC_IMPLICIT_RETAIN_SELF = YES;
				CLANG_WARN_OBJC_LITERAL_CONVERSION = YES;
				CLANG_WARN_QUOTED_INCLUDE_IN_FRAMEWORK_HEADER = YES;
				CLANG_WARN_RANGE_LOOP_ANALYSIS = YES;
				CLANG_WARN_STRICT_PROTOTYPES = YES;
				CLANG_WARN_SUSPICIOUS_MOVE = YES;
				CLANG_WARN_UNREACHABLE_CODE = YES;
				CLANG_WARN__DUPLICATE_METHOD_MATCH = YES;
				COPY_PHASE_STRIP = NO;
				DEAD_CODE_STRIPPING = YES;
				DEBUG_INFORMATION_FORMAT = dwarf;
				ENABLE_STRICT_OBJC_MSGSEND = YES;
				ENABLE_TESTABILITY = YES;
				ENABLE_USER_SCRIPT_SANDBOXING = YES;
				GCC_C_LANGUAGE_STANDARD = gnu17;
				GCC_NO_COMMON_BLOCKS = YES;
				GCC_WARN_64_TO_32_BIT_CONVERSION = YES;
				GCC_WARN_ABOUT_RETURN_TYPE = YES;
				GCC_WARN_UNDECLARED_SELECTOR = YES;
				GCC_WARN_UNINITIALIZED_AUTOS = YES;
				GCC_WARN_UNUSED_FUNCTION = YES;
				GCC_WARN_UNUSED_VARIABLE = YES;
				MACOSX_DEPLOYMENT_TARGET = 14.0;
				ONLY_ACTIVE_ARCH = YES;
				SDKROOT = macosx;
				STRING_CATALOG_GENERATE_SYMBOLS = YES;
				SWIFT_ACTIVE_COMPILATION_CONDITIONS = "DEBUG $(inherited)";
				SWIFT_OPTIMIZATION_LEVEL = "-Onone";
			};
			name = Debug;
		};
		A10000000000000000000071 /* Release */ = {
			isa = XCBuildConfiguration;
			buildSettings = {
				ALWAYS_SEARCH_USER_PATHS = NO;
				CLANG_ENABLE_MODULES = YES;
				CLANG_ENABLE_OBJC_ARC = YES;
				CLANG_WARN_BLOCK_CAPTURE_AUTORELEASING = YES;
				CLANG_WARN_BOOL_CONVERSION = YES;
				CLANG_WARN_COMMA = YES;
				CLANG_WARN_CONSTANT_CONVERSION = YES;
				CLANG_WARN_DEPRECATED_OBJC_IMPLEMENTATIONS = YES;
				CLANG_WARN_EMPTY_BODY = YES;
				CLANG_WARN_ENUM_CONVERSION = YES;
				CLANG_WARN_INFINITE_RECURSION = YES;
				CLANG_WARN_INT_CONVERSION = YES;
				CLANG_WARN_NON_LITERAL_NULL_CONVERSION = YES;
				CLANG_WARN_OBJC_IMPLICIT_RETAIN_SELF = YES;
				CLANG_WARN_OBJC_LITERAL_CONVERSION = YES;
				CLANG_WARN_QUOTED_INCLUDE_IN_FRAMEWORK_HEADER = YES;
				CLANG_WARN_RANGE_LOOP_ANALYSIS = YES;
				CLANG_WARN_STRICT_PROTOTYPES = YES;
				CLANG_WARN_SUSPICIOUS_MOVE = YES;
				CLANG_WARN_UNREACHABLE_CODE = YES;
				CLANG_WARN__DUPLICATE_METHOD_MATCH = YES;
				COPY_PHASE_STRIP = NO;
				DEAD_CODE_STRIPPING = YES;
				DEBUG_INFORMATION_FORMAT = "dwarf-with-dsym";
				ENABLE_STRICT_OBJC_MSGSEND = YES;
				ENABLE_USER_SCRIPT_SANDBOXING = YES;
				GCC_C_LANGUAGE_STANDARD = gnu17;
				GCC_NO_COMMON_BLOCKS = YES;
				GCC_WARN_64_TO_32_BIT_CONVERSION = YES;
				GCC_WARN_ABOUT_RETURN_TYPE = YES;
				GCC_WARN_UNDECLARED_SELECTOR = YES;
				GCC_WARN_UNINITIALIZED_AUTOS = YES;
				GCC_WARN_UNUSED_FUNCTION = YES;
				GCC_WARN_UNUSED_VARIABLE = YES;
				MACOSX_DEPLOYMENT_TARGET = 14.0;
				SDKROOT = macosx;
				STRING_CATALOG_GENERATE_SYMBOLS = YES;
				SWIFT_COMPILATION_MODE = wholemodule;
				SWIFT_OPTIMIZATION_LEVEL = "-O";
			};
			name = Release;
		};
		A10000000000000000000072 /* Debug */ = {
			isa = XCBuildConfiguration;
			buildSettings = {
				ASSETCATALOG_COMPILER_APPICON_NAME = AppIcon;
				CODE_SIGNING_ALLOWED = NO;
				CODE_SIGNING_REQUIRED = NO;
				DEAD_CODE_STRIPPING = YES;
				DEVELOPMENT_TEAM = "";
				ENABLE_HARDENED_RUNTIME = NO;
				GENERATE_INFOPLIST_FILE = YES;
					INFOPLIST_KEY_CFBundleDisplayName = "Local Video Uploader";
				INFOPLIST_KEY_LSApplicationCategoryType = "public.app-category.video";
				INFOPLIST_KEY_NSHumanReadableCopyright = "";
				INFOPLIST_KEY_NSPhotoLibraryAddUsageDescription = "iPhoto と Photos の動画を整理するために写真ライブラリから動画を削除します。";
				INFOPLIST_KEY_NSPhotoLibraryUsageDescription = "iPhoto と Photos の動画を選択して YouTube へアップロードするために写真ライブラリへアクセスします。";
				LD_RUNPATH_SEARCH_PATHS = (
					"$(inherited)",
					"@executable_path/../Frameworks",
				);
				MACOSX_DEPLOYMENT_TARGET = 14.0;
				PRODUCT_BUNDLE_IDENTIFIER = com.example.iPhoto2YouTubeNativeApp;
					PRODUCT_NAME = "Local Video Uploader";
				SDKROOT = macosx;
				SWIFT_EMIT_LOC_STRINGS = YES;
				SWIFT_VERSION = 6.0;
			};
			name = Debug;
		};
		A10000000000000000000073 /* Release */ = {
			isa = XCBuildConfiguration;
			buildSettings = {
				ASSETCATALOG_COMPILER_APPICON_NAME = AppIcon;
				CODE_SIGNING_ALLOWED = NO;
				CODE_SIGNING_REQUIRED = NO;
				DEAD_CODE_STRIPPING = YES;
				DEVELOPMENT_TEAM = "";
				ENABLE_HARDENED_RUNTIME = NO;
				GENERATE_INFOPLIST_FILE = YES;
					INFOPLIST_KEY_CFBundleDisplayName = "Local Video Uploader";
				INFOPLIST_KEY_LSApplicationCategoryType = "public.app-category.video";
				INFOPLIST_KEY_NSHumanReadableCopyright = "";
				INFOPLIST_KEY_NSPhotoLibraryAddUsageDescription = "iPhoto と Photos の動画を整理するために写真ライブラリから動画を削除します。";
				INFOPLIST_KEY_NSPhotoLibraryUsageDescription = "iPhoto と Photos の動画を選択して YouTube へアップロードするために写真ライブラリへアクセスします。";
				LD_RUNPATH_SEARCH_PATHS = (
					"$(inherited)",
					"@executable_path/../Frameworks",
				);
				MACOSX_DEPLOYMENT_TARGET = 14.0;
				PRODUCT_BUNDLE_IDENTIFIER = com.example.iPhoto2YouTubeNativeApp;
					PRODUCT_NAME = "Local Video Uploader";
				SDKROOT = macosx;
				SWIFT_EMIT_LOC_STRINGS = YES;
				SWIFT_VERSION = 6.0;
			};
			name = Release;
		};
/* End XCBuildConfiguration section */

/* Begin XCConfigurationList section */
		A10000000000000000000050 /* Build configuration list for PBXNativeTarget "iPhoto2YouTubeNativeApp" */ = {
			isa = XCConfigurationList;
			buildConfigurations = (
				A10000000000000000000072 /* Debug */,
				A10000000000000000000073 /* Release */,
			);
			defaultConfigurationIsVisible = 0;
			defaultConfigurationName = Release;
		};
		A10000000000000000000061 /* Build configuration list for PBXProject "iPhoto2YouTubeNativeApp" */ = {
			isa = XCConfigurationList;
			buildConfigurations = (
				A10000000000000000000070 /* Debug */,
				A10000000000000000000071 /* Release */,
			);
			defaultConfigurationIsVisible = 0;
			defaultConfigurationName = Release;
		};
/* End XCConfigurationList section */
	};
	rootObject = A10000000000000000000060 /* Project object */;
}
